{
  "name": "pe.nominal.web",
  "version": "1.0.0",
  "lockfileVersion": 1,
  "requires": true,
  "dependencies": {
    "@types/bootstrap": {
      "version": "3.3.38",
      "resolved": "https://registry.npmjs.org/@types/bootstrap/-/bootstrap-3.3.38.tgz",
      "integrity": "sha512-4xQW+vu2UTtQZstpNcyoJQDuTT6kLb/Cpi8pF10JZtUtlqoCrDRJDTVeJ9tU6GQIi8tnwR6cNPu65F/pc8v1PA==",
      "dev": true,
      "requires": {
        "@types/jquery": "3.3.0"
      }
    },
    "@types/datatables.net": {
      "version": "1.10.8",
      "resolved": "https://registry.npmjs.org/@types/datatables.net/-/datatables.net-1.10.8.tgz",
      "integrity": "sha512-5RzUppTRNhVJhAtP1Pq+hFVJgFP7V7yNt8Tjob8cXFg1zo91mtCR6xZn4JJ1hT6fYM1w9Bz9Iy62ja1bbZx7ZA==",
      "dev": true,
      "requires": {
        "@types/jquery": "3.3.0"
      }
    },
    "@types/datatables.net-select": {
      "version": "1.2.3",
      "resolved": "https://registry.npmjs.org/@types/datatables.net-select/-/datatables.net-select-1.2.3.tgz",
      "integrity": "sha512-3WnfINBy614/+r5HHICL4obEAjDDc7r/HPwSVBBemUqss++zluxIe3kp1JxNRhae9hlUpizH9NnLLmXTpG0KTA==",
      "dev": true,
      "requires": {
        "@types/datatables.net": "1.10.8",
        "@types/jquery": "3.3.0"
      }
    },
    "@types/jquery": {
      "version": "3.3.0",
      "resolved": "https://registry.npmjs.org/@types/jquery/-/jquery-3.3.0.tgz",
      "integrity": "sha512-szaKV2OQgwxYTGTY6qd9eeBfGGCaP7n2OGit4JdbOcfGgc9VWjfhMhnu5AVNhIAu8WWDIB36q9dfPVba1fGeIQ==",
      "dev": true
    },
    "@types/jquery.blockui": {
      "version": "0.0.28",
      "resolved": "https://registry.npmjs.org/@types/jquery.blockui/-/jquery.blockui-0.0.28.tgz",
      "integrity": "sha512-6zkA/rYkXjd4H1diYZWxeusFsJ49R+0Q6Gv000TkQ4PCxIAAon7R9kc+OKyXo2oV6IV+i5l4usfwk9TEasbsPw==",
      "dev": true,
      "requires": {
        "@types/jquery": "3.3.0"
      }
    },
    "@types/knockout": {
      "version": "3.4.51",
      "resolved": "https://registry.npmjs.org/@types/knockout/-/knockout-3.4.51.tgz",
      "integrity": "sha512-TnPDO62ECLg36U2/7urX3PQ+HR7dpp3N6GbpvLbex8OfzHwbXKS+aAAcfPaZclNYGd1kLtBebnN665Wco46p/A==",
      "dev": true
    },
    "@types/knockout.postbox": {
      "version": "0.0.29",
      "resolved": "https://registry.npmjs.org/@types/knockout.postbox/-/knockout.postbox-0.0.29.tgz",
      "integrity": "sha512-Bqu1iQFEPJC4WtZHESUt+xePUYHU1GGq7cc/BAsBuT2jtdodgMcw9deBJ0rfDrZxNBf+mgRbNNllb+Xo3bPy3Q==",
      "dev": true,
      "requires": {
        "@types/knockout": "3.4.51"
      }
    },
    "@types/moment": {
      "version": "2.13.0",
      "resolved": "https://registry.npmjs.org/@types/moment/-/moment-2.13.0.tgz",
      "integrity": "sha1-YE69GJvDvDShVIaJQE5hoqSqyJY=",
      "dev": true,
      "requires": {
        "moment": "2.20.1"
      }
    },
    "moment": {
      "version": "2.20.1",
      "resolved": "https://registry.npmjs.org/moment/-/moment-2.20.1.tgz",
      "integrity": "sha512-Yh9y73JRljxW5QxN08Fner68eFLxM5ynNOAw2LbIB1YAGeQzZT8QFSUvkAz609Zf+IHhhaUxqZK8dG3W/+HEvg==",
      "dev": true
    }
  }
}
