{
  "name": "pe.nominal.web",
  "version": "1.0.0",
  "lockfileVersion": 1,
  "requires": true,
  "dependencies": {
    "@types/bootstrap": {
      "version": "3.3.39",
      "resolved": "https://registry.npmjs.org/@types/bootstrap/-/bootstrap-3.3.39.tgz",
      "integrity": "sha512-UGvzSQFkv0Oh2vjj30AfZructi7XvY0aRa1Y/vrgFq+tfrTMxtqQ9+s5liCYLJnrISc9LinEtOY5N8Ibrhj2Tg==",
      "dev": true,
      "requires": {
        "@types/jquery": "3.3.10"
      }
    },
    "@types/datatables.net": {
      "version": "1.10.13",
      "resolved": "https://registry.npmjs.org/@types/datatables.net/-/datatables.net-1.10.13.tgz",
      "integrity": "sha512-0HFciKksfrrS3KYzqot2EZkZd2pADKN6ek92BqUZ46b1HdwPp8TV3s8mSpqRVGQofPr/iZBW0aS6cKG6oaa0MQ==",
      "dev": true,
      "requires": {
        "@types/jquery": "3.3.10"
      }
    },
    "@types/datatables.net-select": {
      "version": "1.2.4",
      "resolved": "https://registry.npmjs.org/@types/datatables.net-select/-/datatables.net-select-1.2.4.tgz",
      "integrity": "sha512-eOKwjLgQc4CHOgrv2QCIs5Il8/hPMETtI3MqlzXlK5jVNOKQA9e0o7hk+pgilk/oGOv6mbVRF47XeSu40zwxQA==",
      "dev": true,
      "requires": {
        "@types/datatables.net": "1.10.13",
        "@types/jquery": "3.3.10"
      }
    },
    "@types/jquery": {
      "version": "3.3.10",
      "resolved": "https://registry.npmjs.org/@types/jquery/-/jquery-3.3.10.tgz",
      "integrity": "sha512-W2bE8pGh9Tsg8mxh+B6BSH8lTG6ZV7K2ZMAlEwSTqKFU1wMI5HShyRKSp3DngnxCmDu35tW3RAC4mxBFYRsTuw==",
      "dev": true
    },
    "@types/jquery.blockui": {
      "version": "0.0.28",
      "resolved": "https://registry.npmjs.org/@types/jquery.blockui/-/jquery.blockui-0.0.28.tgz",
      "integrity": "sha1-/SSm4zMK2N3R+OW1V48+9WCKapI=",
      "dev": true,
      "requires": {
        "@types/jquery": "3.3.10"
      }
    },
    "@types/knockout": {
      "version": "3.4.59",
      "resolved": "https://registry.npmjs.org/@types/knockout/-/knockout-3.4.59.tgz",
      "integrity": "sha512-uLVb9AWPnQajGE8QETNVS2qPpxTVzsWOWP9dLwBrqfIkatR3mCOoU3QP8idI4YDwRRxdTlYgfSeMFbUOjENvyw==",
      "dev": true
    },
    "@types/knockout.postbox": {
      "version": "0.0.29",
      "resolved": "https://registry.npmjs.org/@types/knockout.postbox/-/knockout.postbox-0.0.29.tgz",
      "integrity": "sha1-VZI8WjIrOhfeePk1N4CkdQad7sY=",
      "dev": true,
      "requires": {
        "@types/knockout": "3.4.59"
      }
    },
    "@types/moment": {
      "version": "2.13.0",
      "resolved": "https://registry.npmjs.org/@types/moment/-/moment-2.13.0.tgz",
      "integrity": "sha1-YE69GJvDvDShVIaJQE5hoqSqyJY=",
      "dev": true,
      "requires": {
        "moment": "2.20.1"
      }
    },
    "moment": {
      "version": "2.20.1",
      "resolved": "https://registry.npmjs.org/moment/-/moment-2.20.1.tgz",
      "integrity": "sha512-Yh9y73JRljxW5QxN08Fner68eFLxM5ynNOAw2LbIB1YAGeQzZT8QFSUvkAz609Zf+IHhhaUxqZK8dG3W/+HEvg==",
      "dev": true
    }
  }
}
